Microsoft Visual Studio Solution File, Format Version 12.00
# Visual Studio Version 16
VisualStudioVersion = 16.0.29519.87
MinimumVisualStudioVersion = 10.0.40219.1
Project("{FAE04EC0-301F-11D3-BF4B-00C04F79EFBC}") = "template.api.wsclient", "template.api.wsclient.csproj", "{D93A4FA8-3BBA-4B36-817A-B2B4C6DE19AA}"
EndProject
Global
	GlobalSection(SolutionConfigurationPlatforms) = preSolution
		Debug|Any CPU = Debug|Any CPU
		Release|Any CPU = Release|Any CPU
	EndGlobalSection
	GlobalSection(ProjectConfigurationPlatforms) = postSolution
		{D93A4FA8-3BBA-4B36-817A-B2B4C6DE19AA}.Debug|Any CPU.ActiveCfg = Debug|Any CPU
		{D93A4FA8-3BBA-4B36-817A-B2B4C6DE19AA}.Debug|Any CPU.Build.0 = Debug|Any CPU
		{D93A4FA8-3BBA-4B36-817A-B2B4C6DE19AA}.Release|Any CPU.ActiveCfg = Release|Any CPU
		{D93A4FA8-3BBA-4B36-817A-B2B4C6DE19AA}.Release|Any CPU.Build.0 = Release|Any CPU
	EndGlobalSection
	GlobalSection(SolutionProperties) = preSolution
		HideSolutionNode = FALSE
	EndGlobalSection
	GlobalSection(ExtensibilityGlobals) = postSolution
		SolutionGuid = {3266043F-0BA9-41F4-8D25-E6A2E3A98BF4}
	EndGlobalSection
EndGlobal
